
Microsoft Visual Studio Solution File, Format Version 12.00
# Visual Studio Version 17
VisualStudioVersion = 17.5.33414.496
MinimumVisualStudioVersion = 10.0.40219.1
Project("{9A19103F-16F7-4668-BE54-9A1E7A4F7556}") = "Binance", "Binance.csproj", "{EF18F0E7-7E42-43AB-9550-399BFAC08775}"
EndProject
Global
	GlobalSection(SolutionConfigurationPlatforms) = preSolution
		Debug|Any CPU = Debug|Any CPU
		Release|Any CPU = Release|Any CPU
	EndGlobalSection
	GlobalSection(ProjectConfigurationPlatforms) = postSolution
		{EF18F0E7-7E42-43AB-9550-399BFAC08775}.Debug|Any CPU.ActiveCfg = Debug|Any CPU
		{EF18F0E7-7E42-43AB-9550-399BFAC08775}.Debug|Any CPU.Build.0 = Debug|Any CPU
		{EF18F0E7-7E42-43AB-9550-399BFAC08775}.Release|Any CPU.ActiveCfg = Release|Any CPU
		{EF18F0E7-7E42-43AB-9550-399BFAC08775}.Release|Any CPU.Build.0 = Release|Any CPU
	EndGlobalSection
	GlobalSection(SolutionProperties) = preSolution
		HideSolutionNode = FALSE
	EndGlobalSection
	GlobalSection(ExtensibilityGlobals) = postSolution
		SolutionGuid = {9F6F4591-BC90-44BD-A491-3059D384CAF7}
	EndGlobalSection
EndGlobal
